
Microsoft Visual Studio Solution File, Format Version 12.00
# Visual Studio Version 17
VisualStudioVersion = 17.5.002.0
MinimumVisualStudioVersion = 10.0.40219.1
Project("{2150E333-8FDC-42A3-9474-1A3956D46DE8}") = "backend", "backend", "{929B36B8-93AA-479C-A825-B6875751C647}"
EndProject
Project("{9A19103F-16F7-4668-BE54-9A1E7A4F7556}") = "Consumer", "backend\Consumer\Consumer.csproj", "{7CC05F7D-593F-49AA-AB27-28380CC7EBC2}"
EndProject
Project("{9A19103F-16F7-4668-BE54-9A1E7A4F7556}") = "TodoApi", "backend\TodoApi\TodoApi.csproj", "{BB064BBB-C5E3-4AAB-A87C-D0F513CE6CE4}"
EndProject
Global
	GlobalSection(SolutionConfigurationPlatforms) = preSolution
		Debug|Any CPU = Debug|Any CPU
		Release|Any CPU = Release|Any CPU
	EndGlobalSection
	GlobalSection(ProjectConfigurationPlatforms) = postSolution
		{7CC05F7D-593F-49AA-AB27-28380CC7EBC2}.Debug|Any CPU.ActiveCfg = Debug|Any CPU
		{7CC05F7D-593F-49AA-AB27-28380CC7EBC2}.Debug|Any CPU.Build.0 = Debug|Any CPU
		{7CC05F7D-593F-49AA-AB27-28380CC7EBC2}.Release|Any CPU.ActiveCfg = Release|Any CPU
		{7CC05F7D-593F-49AA-AB27-28380CC7EBC2}.Release|Any CPU.Build.0 = Release|Any CPU
		{BB064BBB-C5E3-4AAB-A87C-D0F513CE6CE4}.Debug|Any CPU.ActiveCfg = Debug|Any CPU
		{BB064BBB-C5E3-4AAB-A87C-D0F513CE6CE4}.Debug|Any CPU.Build.0 = Debug|Any CPU
		{BB064BBB-C5E3-4AAB-A87C-D0F513CE6CE4}.Release|Any CPU.ActiveCfg = Release|Any CPU
		{BB064BBB-C5E3-4AAB-A87C-D0F513CE6CE4}.Release|Any CPU.Build.0 = Release|Any CPU
	EndGlobalSection
	GlobalSection(SolutionProperties) = preSolution
		HideSolutionNode = FALSE
	EndGlobalSection
	GlobalSection(NestedProjects) = preSolution
		{7CC05F7D-593F-49AA-AB27-28380CC7EBC2} = {929B36B8-93AA-479C-A825-B6875751C647}
		{BB064BBB-C5E3-4AAB-A87C-D0F513CE6CE4} = {929B36B8-93AA-479C-A825-B6875751C647}
	EndGlobalSection
	GlobalSection(ExtensibilityGlobals) = postSolution
		SolutionGuid = {5894DC08-2A8E-4EA2-ACC7-992615FC2625}
	EndGlobalSection
EndGlobal
